
Microsoft Visual Studio Solution File, Format Version 12.00
# Visual Studio Version 16
VisualStudioVersion = 16.0.31129.286
MinimumVisualStudioVersion = 10.0.40219.1
Project("{FAE04EC0-301F-11D3-BF4B-00C04F79EFBC}") = "TransformWorldMatrix", "TransformWorldMatrix\TransformWorldMatrix.csproj", "{1886126B-8FCB-4FB9-A8D3-E0689181520C}"
EndProject
Global
	GlobalSection(SolutionConfigurationPlatforms) = preSolution
		Debug|Any CPU = Debug|Any CPU
		Release|Any CPU = Release|Any CPU
	EndGlobalSection
	GlobalSection(ProjectConfigurationPlatforms) = postSolution
		{1886126B-8FCB-4FB9-A8D3-E0689181520C}.Debug|Any CPU.ActiveCfg = Debug|Any CPU
		{1886126B-8FCB-4FB9-A8D3-E0689181520C}.Debug|Any CPU.Build.0 = Debug|Any CPU
		{1886126B-8FCB-4FB9-A8D3-E0689181520C}.Release|Any CPU.ActiveCfg = Release|Any CPU
		{1886126B-8FCB-4FB9-A8D3-E0689181520C}.Release|Any CPU.Build.0 = Release|Any CPU
	EndGlobalSection
	GlobalSection(SolutionProperties) = preSolution
		HideSolutionNode = FALSE
	EndGlobalSection
	GlobalSection(ExtensibilityGlobals) = postSolution
		SolutionGuid = {BCE2AEB0-ED11-4EBA-9501-99CFAEEE31CD}
	EndGlobalSection
EndGlobal
